
Microsoft Visual Studio Solution File, Format Version 12.00
# Visual Studio Version 17
VisualStudioVersion = 17.4.33213.308
MinimumVisualStudioVersion = 10.0.40219.1
Project("{FAE04EC0-301F-11D3-BF4B-00C04F79EFBC}") = "Assignment1", "Assignment1\Assignment1.csproj", "{C239DA6A-56D5-45C7-8E69-C998FE8BCBE4}"
EndProject
Global
	GlobalSection(SolutionConfigurationPlatforms) = preSolution
		Debug|Any CPU = Debug|Any CPU
		Release|Any CPU = Release|Any CPU
	EndGlobalSection
	GlobalSection(ProjectConfigurationPlatforms) = postSolution
		{C239DA6A-56D5-45C7-8E69-C998FE8BCBE4}.Debug|Any CPU.ActiveCfg = Debug|Any CPU
		{C239DA6A-56D5-45C7-8E69-C998FE8BCBE4}.Debug|Any CPU.Build.0 = Debug|Any CPU
		{C239DA6A-56D5-45C7-8E69-C998FE8BCBE4}.Release|Any CPU.ActiveCfg = Release|Any CPU
		{C239DA6A-56D5-45C7-8E69-C998FE8BCBE4}.Release|Any CPU.Build.0 = Release|Any CPU
	EndGlobalSection
	GlobalSection(SolutionProperties) = preSolution
		HideSolutionNode = FALSE
	EndGlobalSection
	GlobalSection(ExtensibilityGlobals) = postSolution
		SolutionGuid = {FA11BF18-ACB5-46A1-B0D2-18C440275DA2}
	EndGlobalSection
EndGlobal
